
Microsoft Visual Studio Solution File, Format Version 12.00
# Visual Studio Version 16
VisualStudioVersion = 16.0.31205.134
MinimumVisualStudioVersion = 10.0.40219.1
Project("{FAE04EC0-301F-11D3-BF4B-00C04F79EFBC}") = "NoteMaster", "NoteMaster.csproj", "{4DDF2B2F-E93A-4005-A49E-5A7B35498819}"
EndProject
Global
	GlobalSection(SolutionConfigurationPlatforms) = preSolution
		Debug|Any CPU = Debug|Any CPU
		Release|Any CPU = Release|Any CPU
	EndGlobalSection
	GlobalSection(ProjectConfigurationPlatforms) = postSolution
		{4DDF2B2F-E93A-4005-A49E-5A7B35498819}.Debug|Any CPU.ActiveCfg = Debug|Any CPU
		{4DDF2B2F-E93A-4005-A49E-5A7B35498819}.Debug|Any CPU.Build.0 = Debug|Any CPU
		{4DDF2B2F-E93A-4005-A49E-5A7B35498819}.Release|Any CPU.ActiveCfg = Release|Any CPU
		{4DDF2B2F-E93A-4005-A49E-5A7B35498819}.Release|Any CPU.Build.0 = Release|Any CPU
	EndGlobalSection
	GlobalSection(SolutionProperties) = preSolution
		HideSolutionNode = FALSE
	EndGlobalSection
	GlobalSection(ExtensibilityGlobals) = postSolution
		SolutionGuid = {96D0F972-72F3-4554-9D39-9C952590C311}
	EndGlobalSection
EndGlobal
